
Microsoft Visual Studio Solution File, Format Version 12.00
# Visual Studio Version 17
VisualStudioVersion = 17.8.34309.116
MinimumVisualStudioVersion = 10.0.40219.1
Project("{9A19103F-16F7-4668-BE54-9A1E7A4F7556}") = "Soldi.Core", "Soldi.Core\Soldi.Core.csproj", "{BD36D7B4-F853-4465-B7D3-10AB79926CE7}"
EndProject
Project("{9A19103F-16F7-4668-BE54-9A1E7A4F7556}") = "Soldi.Tests", "Soldi.Tests\Soldi.Tests.csproj", "{F44DD56C-F933-4928-B473-81D5204D5276}"
EndProject
Project("{9A19103F-16F7-4668-BE54-9A1E7A4F7556}") = "Soldi.Data", "Soldi.Data\Soldi.Data.csproj", "{FCFAF925-19AC-4896-B3BE-4E8329BC2185}"
EndProject
Project("{FAE04EC0-301F-11D3-BF4B-00C04F79EFBC}") = "Soldi.Application", "Soldi.Application\Soldi.Application.csproj", "{202C50DA-E673-459B-B20C-D2909237CB1A}"
EndProject
Global
	GlobalSection(SolutionConfigurationPlatforms) = preSolution
		Debug|Any CPU = Debug|Any CPU
		Release|Any CPU = Release|Any CPU
	EndGlobalSection
	GlobalSection(ProjectConfigurationPlatforms) = postSolution
		{BD36D7B4-F853-4465-B7D3-10AB79926CE7}.Debug|Any CPU.ActiveCfg = Debug|Any CPU
		{BD36D7B4-F853-4465-B7D3-10AB79926CE7}.Debug|Any CPU.Build.0 = Debug|Any CPU
		{BD36D7B4-F853-4465-B7D3-10AB79926CE7}.Release|Any CPU.ActiveCfg = Release|Any CPU
		{BD36D7B4-F853-4465-B7D3-10AB79926CE7}.Release|Any CPU.Build.0 = Release|Any CPU
		{F44DD56C-F933-4928-B473-81D5204D5276}.Debug|Any CPU.ActiveCfg = Debug|Any CPU
		{F44DD56C-F933-4928-B473-81D5204D5276}.Debug|Any CPU.Build.0 = Debug|Any CPU
		{F44DD56C-F933-4928-B473-81D5204D5276}.Release|Any CPU.ActiveCfg = Release|Any CPU
		{F44DD56C-F933-4928-B473-81D5204D5276}.Release|Any CPU.Build.0 = Release|Any CPU
		{FCFAF925-19AC-4896-B3BE-4E8329BC2185}.Debug|Any CPU.ActiveCfg = Debug|Any CPU
		{FCFAF925-19AC-4896-B3BE-4E8329BC2185}.Debug|Any CPU.Build.0 = Debug|Any CPU
		{FCFAF925-19AC-4896-B3BE-4E8329BC2185}.Release|Any CPU.ActiveCfg = Release|Any CPU
		{FCFAF925-19AC-4896-B3BE-4E8329BC2185}.Release|Any CPU.Build.0 = Release|Any CPU
		{202C50DA-E673-459B-B20C-D2909237CB1A}.Debug|Any CPU.ActiveCfg = Debug|Any CPU
		{202C50DA-E673-459B-B20C-D2909237CB1A}.Debug|Any CPU.Build.0 = Debug|Any CPU
		{202C50DA-E673-459B-B20C-D2909237CB1A}.Release|Any CPU.ActiveCfg = Release|Any CPU
		{202C50DA-E673-459B-B20C-D2909237CB1A}.Release|Any CPU.Build.0 = Release|Any CPU
	EndGlobalSection
	GlobalSection(SolutionProperties) = preSolution
		HideSolutionNode = FALSE
	EndGlobalSection
	GlobalSection(ExtensibilityGlobals) = postSolution
		SolutionGuid = {4A1DE1EC-8425-492D-84F9-1D747A0BF2B4}
	EndGlobalSection
EndGlobal
